{
	"name": "audioconverter",
	"version": "1.0.0",
	"lockfileVersion": 1,
	"requires": true,
	"dependencies": {
		"alawmulaw": {
			"version": "6.0.0",
			"resolved": "https://registry.npmjs.org/alawmulaw/-/alawmulaw-6.0.0.tgz",
			"integrity": "sha512-1aQJZX2Ax5X7Bq9j9Wkv0gczxexnkshlNNxTc0sD5DjAb+NIgfHkI3rpnjSgr6pK1s4V0Z7viBgE9/FHcIwkyw=="
		},
		"wavefile": {
			"version": "11.0.0",
			"resolved": "https://registry.npmjs.org/wavefile/-/wavefile-11.0.0.tgz",
			"integrity": "sha512-/OBiAALgWU24IG7sC84cDO/KfFuvajWc5Uec0oV2zrpOOZZDgGdOwHwgEzOrwh8jkubBk7PtZfQBIcI1OaE5Ng=="
		}
	}
}
